// !$*UTF8*$!
{
	archiveVersion = 1;
	classes = {
	};
	objectVersion = 55;
	objects = {

/* Begin PBXBuildFile section */
		101D65D75DA5E663E8F9F9D6 /* Pods_Flix_FlixUITests.framework in Frameworks */ = {isa = PBXBuildFile; fileRef = 6F3CF769049C15DEAE725A09 /* Pods_Flix_FlixUITests.framework */; };
		7E688B6A54B51C2413599D78 /* Pods_Flix.framework in Frameworks */ = {isa = PBXBuildFile; fileRef = 30D4282B226D7AA308B0E488 /* Pods_Flix.framework */; };
		9D8ECC4CC0182BFA5CD6D573 /* Pods_FlixTests.framework in Frameworks */ = {isa = PBXBuildFile; fileRef = 3DCAD6BDE0476725A727F120 /* Pods_FlixTests.framework */; };
		ED2EC1F728D040C50052B580 /* MovieCell.swift in Sources */ = {isa = PBXBuildFile; fileRef = ED2EC1F628D040C50052B580 /* MovieCell.swift */; };
		ED59D06D28D04823005239A3 /* AlamofireImage in Frameworks */ = {isa = PBXBuildFile; productRef = ED59D06C28D04823005239A3 /* AlamofireImage */; };
		EDDD71A128D9770600524D49 /* MovieDetailsViewController.swift in Sources */ = {isa = PBXBuildFile; fileRef = EDDD71A028D9770600524D49 /* MovieDetailsViewController.swift */; };
		EDDD71A328D9859500524D49 /* MovieGridViewController.swift in Sources */ = {isa = PBXBuildFile; fileRef = EDDD71A228D9859500524D49 /* MovieGridViewController.swift */; };
		EDDD71A728D990B300524D49 /* MovieGridCell.swift in Sources */ = {isa = PBXBuildFile; fileRef = EDDD71A628D990B300524D49 /* MovieGridCell.swift */; };
		EDF1A38228CFEA6600F9D49B /* AppDelegate.swift in Sources */ = {isa = PBXBuildFile; fileRef = EDF1A38128CFEA6600F9D49B /* AppDelegate.swift */; };
		EDF1A38428CFEA6600F9D49B /* SceneDelegate.swift in Sources */ = {isa = PBXBuildFile; fileRef = EDF1A38328CFEA6600F9D49B /* SceneDelegate.swift */; };
		EDF1A38628CFEA6600F9D49B /* ViewController.swift in Sources */ = {isa = PBXBuildFile; fileRef = EDF1A38528CFEA6600F9D49B /* ViewController.swift */; };
		EDF1A38928CFEA6600F9D49B /* Main.storyboard in Resources */ = {isa = PBXBuildFile; fileRef = EDF1A38728CFEA6600F9D49B /* Main.storyboard */; };
		EDF1A38B28CFEA6900F9D49B /* Assets.xcassets in Resources */ = {isa = PBXBuildFile; fileRef = EDF1A38A28CFEA6900F9D49B /* Assets.xcassets */; };
		EDF1A38E28CFEA6900F9D49B /* LaunchScreen.storyboard in Resources */ = {isa = PBXBuildFile; fileRef = EDF1A38C28CFEA6900F9D49B /* LaunchScreen.storyboard */; };
		EDF1A39928CFEA6900F9D49B /* FlixTests.swift in Sources */ = {isa = PBXBuildFile; fileRef = EDF1A39828CFEA6900F9D49B /* FlixTests.swift */; };
		EDF1A3A328CFEA6900F9D49B /* FlixUITests.swift in Sources */ = {isa = PBXBuildFile; fileRef = EDF1A3A228CFEA6900F9D49B /* FlixUITests.swift */; };
		EDF1A3A528CFEA6900F9D49B /* FlixUITestsLaunchTests.swift in Sources */ = {isa = PBXBuildFile; fileRef = EDF1A3A428CFEA6900F9D49B /* FlixUITestsLaunchTests.swift */; };
/* End PBXBuildFile section */

/* Begin PBXContainerItemProxy section */
		EDF1A39528CFEA6900F9D49B /* PBXContainerItemProxy */ = {
			isa = PBXContainerItemProxy;
			containerPortal = EDF1A37628CFEA6600F9D49B /* Project object */;
			proxyType = 1;
			remoteGlobalIDString = EDF1A37D28CFEA6600F9D49B;
			remoteInfo = Flix;
		};
		EDF1A39F28CFEA6900F9D49B /* PBXContainerItemProxy */ = {
			isa = PBXContainerItemProxy;
			containerPortal = EDF1A37628CFEA6600F9D49B /* Project object */;
			proxyType = 1;
			remoteGlobalIDString = EDF1A37D28CFEA6600F9D49B;
			remoteInfo = Flix;
		};
/* End PBXContainerItemProxy section */

/* Begin PBXFileReference section */
		05B4E760609B441063499C28 /* Pods-Flix.release.xcconfig */ = {isa = PBXFileReference; includeInIndex = 1; lastKnownFileType = text.xcconfig; name = "Pods-Flix.release.xcconfig"; path = "Target Support Files/Pods-Flix/Pods-Flix.release.xcconfig"; sourceTree = "<group>"; };
		167A840A731847D938E34AC6 /* Pods-Flix-FlixUITests.release.xcconfig */ = {isa = PBXFileReference; includeInIndex = 1; lastKnownFileType = text.xcconfig; name = "Pods-Flix-FlixUITests.release.xcconfig"; path = "Target Support Files/Pods-Flix-FlixUITests/Pods-Flix-FlixUITests.release.xcconfig"; sourceTree = "<group>"; };
		2256419CEFF2D5B4C4BA2128 /* Pods-Flix.debug.xcconfig */ = {isa = PBXFileReference; includeInIndex = 1; lastKnownFileType = text.xcconfig; name = "Pods-Flix.debug.xcconfig"; path = "Target Support Files/Pods-Flix/Pods-Flix.debug.xcconfig"; sourceTree = "<group>"; };
		30D4282B226D7AA308B0E488 /* Pods_Flix.framework */ = {isa = PBXFileReference; explicitFileType = wrapper.framework; includeInIndex = 0; path = Pods_Flix.framework; sourceTree = BUILT_PRODUCTS_DIR; };
		3B2A9AB0AE944FCE588F97B3 /* Pods-FlixTests.release.xcconfig */ = {isa = PBXFileReference; includeInIndex = 1; lastKnownFileType = text.xcconfig; name = "Pods-FlixTests.release.xcconfig"; path = "Target Support Files/Pods-FlixTests/Pods-FlixTests.release.xcconfig"; sourceTree = "<group>"; };
		3DCAD6BDE0476725A727F120 /* Pods_FlixTests.framework */ = {isa = PBXFileReference; explicitFileType = wrapper.framework; includeInIndex = 0; path = Pods_FlixTests.framework; sourceTree = BUILT_PRODUCTS_DIR; };
		6F3CF769049C15DEAE725A09 /* Pods_Flix_FlixUITests.framework */ = {isa = PBXFileReference; explicitFileType = wrapper.framework; includeInIndex = 0; path = Pods_Flix_FlixUITests.framework; sourceTree = BUILT_PRODUCTS_DIR; };
		8400A510D233D62A4D832D35 /* Pods-FlixTests.debug.xcconfig */ = {isa = PBXFileReference; includeInIndex = 1; lastKnownFileType = text.xcconfig; name = "Pods-FlixTests.debug.xcconfig"; path = "Target Support Files/Pods-FlixTests/Pods-FlixTests.debug.xcconfig"; sourceTree = "<group>"; };
		8FA581823E204128D19962E8 /* Pods-Flix-FlixUITests.debug.xcconfig */ = {isa = PBXFileReference; includeInIndex = 1; lastKnownFileType = text.xcconfig; name = "Pods-Flix-FlixUITests.debug.xcconfig"; path = "Target Support Files/Pods-Flix-FlixUITests/Pods-Flix-FlixUITests.debug.xcconfig"; sourceTree = "<group>"; };
		ED2EC1F628D040C50052B580 /* MovieCell.swift */ = {isa = PBXFileReference; lastKnownFileType = sourcecode.swift; path = MovieCell.swift; sourceTree = "<group>"; };
		EDDD71A028D9770600524D49 /* MovieDetailsViewController.swift */ = {isa = PBXFileReference; lastKnownFileType = sourcecode.swift; path = MovieDetailsViewController.swift; sourceTree = "<group>"; };
		EDDD71A228D9859500524D49 /* MovieGridViewController.swift */ = {isa = PBXFileReference; lastKnownFileType = sourcecode.swift; path = MovieGridViewController.swift; sourceTree = "<group>"; };
		EDDD71A628D990B300524D49 /* MovieGridCell.swift */ = {isa = PBXFileReference; lastKnownFileType = sourcecode.swift; path = MovieGridCell.swift; sourceTree = "<group>"; };
		EDF1A37E28CFEA6600F9D49B /* Flix.app */ = {isa = PBXFileReference; explicitFileType = wrapper.application; includeInIndex = 0; path = Flix.app; sourceTree = BUILT_PRODUCTS_DIR; };
		EDF1A38128CFEA6600F9D49B /* AppDelegate.swift */ = {isa = PBXFileReference; lastKnownFileType = sourcecode.swift; path = AppDelegate.swift; sourceTree = "<group>"; };
		EDF1A38328CFEA6600F9D49B /* SceneDelegate.swift */ = {isa = PBXFileReference; lastKnownFileType = sourcecode.swift; path = SceneDelegate.swift; sourceTree = "<group>"; };
		EDF1A38528CFEA6600F9D49B /* ViewController.swift */ = {isa = PBXFileReference; lastKnownFileType = sourcecode.swift; path = ViewController.swift; sourceTree = "<group>"; };
		EDF1A38828CFEA6600F9D49B /* Base */ = {isa = PBXFileReference; lastKnownFileType = file.storyboard; name = Base; path = Base.lproj/Main.storyboard; sourceTree = "<group>"; };
		EDF1A38A28CFEA6900F9D49B /* Assets.xcassets */ = {isa = PBXFileReference; lastKnownFileType = folder.assetcatalog; path = Assets.xcassets; sourceTree = "<group>"; };
		EDF1A38D28CFEA6900F9D49B /* Base */ = {isa = PBXFileReference; lastKnownFileType = file.storyboard; name = Base; path = Base.lproj/LaunchScreen.storyboard; sourceTree = "<group>"; };
		EDF1A38F28CFEA6900F9D49B /* Info.plist */ = {isa = PBXFileReference; lastKnownFileType = text.plist.xml; path = Info.plist; sourceTree = "<group>"; };
		EDF1A39428CFEA6900F9D49B /* FlixTests.xctest */ = {isa = PBXFileReference; explicitFileType = wrapper.cfbundle; includeInIndex = 0; path = FlixTests.xctest; sourceTree = BUILT_PRODUCTS_DIR; };
		EDF1A39828CFEA6900F9D49B /* FlixTests.swift */ = {isa = PBXFileReference; lastKnownFileType = sourcecode.swift; path = FlixTests.swift; sourceTree = "<group>"; };
		EDF1A39E28CFEA6900F9D49B /* FlixUITests.xctest */ = {isa = PBXFileReference; explicitFileType = wrapper.cfbundle; includeInIndex = 0; path = FlixUITests.xctest; sourceTree = BUILT_PRODUCTS_DIR; };
		EDF1A3A228CFEA6900F9D49B /* FlixUITests.swift */ = {isa = PBXFileReference; lastKnownFileType = sourcecode.swift; path = FlixUITests.swift; sourceTree = "<group>"; };
		EDF1A3A428CFEA6900F9D49B /* FlixUITestsLaunchTests.swift */ = {isa = PBXFileReference; lastKnownFileType = sourcecode.swift; path = FlixUITestsLaunchTests.swift; sourceTree = "<group>"; };
/* End PBXFileReference section */

/* Begin PBXFrameworksBuildPhase section */
		EDF1A37B28CFEA6600F9D49B /* Frameworks */ = {
			isa = PBXFrameworksBuildPhase;
			buildActionMask = 2147483647;
			files = (
				ED59D06D28D04823005239A3 /* AlamofireImage in Frameworks */,
				7E688B6A54B51C2413599D78 /* Pods_Flix.framework in Frameworks */,
			);
			runOnlyForDeploymentPostprocessing = 0;
		};
		EDF1A39128CFEA6900F9D49B /* Frameworks */ = {
			isa = PBXFrameworksBuildPhase;
			buildActionMask = 2147483647;
			files = (
				9D8ECC4CC0182BFA5CD6D573 /* Pods_FlixTests.framework in Frameworks */,
			);
			runOnlyForDeploymentPostprocessing = 0;
		};
		EDF1A39B28CFEA6900F9D49B /* Frameworks */ = {
			isa = PBXFrameworksBuildPhase;
			buildActionMask = 2147483647;
			files = (
				101D65D75DA5E663E8F9F9D6 /* Pods_Flix_FlixUITests.framework in Frameworks */,
			);
			runOnlyForDeploymentPostprocessing = 0;
		};
/* End PBXFrameworksBuildPhase section */

/* Begin PBXGroup section */
		8A26F407C886BF275D457F28 /* Frameworks */ = {
			isa = PBXGroup;
			children = (
				30D4282B226D7AA308B0E488 /* Pods_Flix.framework */,
				6F3CF769049C15DEAE725A09 /* Pods_Flix_FlixUITests.framework */,
				3DCAD6BDE0476725A727F120 /* Pods_FlixTests.framework */,
			);
			name = Frameworks;
			sourceTree = "<group>";
		};
		BD3D45038275A82C21390744 /* Pods */ = {
			isa = PBXGroup;
			children = (
				2256419CEFF2D5B4C4BA2128 /* Pods-Flix.debug.xcconfig */,
				05B4E760609B441063499C28 /* Pods-Flix.release.xcconfig */,
				8FA581823E204128D19962E8 /* Pods-Flix-FlixUITests.debug.xcconfig */,
				167A840A731847D938E34AC6 /* Pods-Flix-FlixUITests.release.xcconfig */,
				8400A510D233D62A4D832D35 /* Pods-FlixTests.debug.xcconfig */,
				3B2A9AB0AE944FCE588F97B3 /* Pods-FlixTests.release.xcconfig */,
			);
			path = Pods;
			sourceTree = "<group>";
		};
		EDF1A37528CFEA6600F9D49B = {
			isa = PBXGroup;
			children = (
				EDF1A38028CFEA6600F9D49B /* Flix */,
				EDF1A39728CFEA6900F9D49B /* FlixTests */,
				EDF1A3A128CFEA6900F9D49B /* FlixUITests */,
				EDF1A37F28CFEA6600F9D49B /* Products */,
				BD3D45038275A82C21390744 /* Pods */,
				8A26F407C886BF275D457F28 /* Frameworks */,
			);
			sourceTree = "<group>";
		};
		EDF1A37F28CFEA6600F9D49B /* Products */ = {
			isa = PBXGroup;
			children = (
				EDF1A37E28CFEA6600F9D49B /* Flix.app */,
				EDF1A39428CFEA6900F9D49B /* FlixTests.xctest */,
				EDF1A39E28CFEA6900F9D49B /* FlixUITests.xctest */,
			);
			name = Products;
			sourceTree = "<group>";
		};
		EDF1A38028CFEA6600F9D49B /* Flix */ = {
			isa = PBXGroup;
			children = (
				EDF1A38128CFEA6600F9D49B /* AppDelegate.swift */,
				EDF1A38328CFEA6600F9D49B /* SceneDelegate.swift */,
				EDF1A38528CFEA6600F9D49B /* ViewController.swift */,
				EDF1A38728CFEA6600F9D49B /* Main.storyboard */,
				EDDD71A628D990B300524D49 /* MovieGridCell.swift */,
				ED2EC1F628D040C50052B580 /* MovieCell.swift */,
				EDF1A38A28CFEA6900F9D49B /* Assets.xcassets */,
				EDF1A38C28CFEA6900F9D49B /* LaunchScreen.storyboard */,
				EDF1A38F28CFEA6900F9D49B /* Info.plist */,
				EDDD71A028D9770600524D49 /* MovieDetailsViewController.swift */,
				EDDD71A228D9859500524D49 /* MovieGridViewController.swift */,
			);
			path = Flix;
			sourceTree = "<group>";
		};
		EDF1A39728CFEA6900F9D49B /* FlixTests */ = {
			isa = PBXGroup;
			children = (
				EDF1A39828CFEA6900F9D49B /* FlixTests.swift */,
			);
			path = FlixTests;
			sourceTree = "<group>";
		};
		EDF1A3A128CFEA6900F9D49B /* FlixUITests */ = {
			isa = PBXGroup;
			children = (
				EDF1A3A228CFEA6900F9D49B /* FlixUITests.swift */,
				EDF1A3A428CFEA6900F9D49B /* FlixUITestsLaunchTests.swift */,
			);
			path = FlixUITests;
			sourceTree = "<group>";
		};
/* End PBXGroup section */

/* Begin PBXNativeTarget section */
		EDF1A37D28CFEA6600F9D49B /* Flix */ = {
			isa = PBXNativeTarget;
			buildConfigurationList = EDF1A3A828CFEA6900F9D49B /* Build configuration list for PBXNativeTarget "Flix" */;
			buildPhases = (
				CCE639F59411DEF006F6663F /* [CP] Check Pods Manifest.lock */,
				EDF1A37A28CFEA6600F9D49B /* Sources */,
				EDF1A37B28CFEA6600F9D49B /* Frameworks */,
				EDF1A37C28CFEA6600F9D49B /* Resources */,
			);
			buildRules = (
			);
			dependencies = (
			);
			name = Flix;
			packageProductDependencies = (
				ED59D06C28D04823005239A3 /* AlamofireImage */,
			);
			productName = Flix;
			productReference = EDF1A37E28CFEA6600F9D49B /* Flix.app */;
			productType = "com.apple.product-type.application";
		};
		EDF1A39328CFEA6900F9D49B /* FlixTests */ = {
			isa = PBXNativeTarget;
			buildConfigurationList = EDF1A3AB28CFEA6900F9D49B /* Build configuration list for PBXNativeTarget "FlixTests" */;
			buildPhases = (
				FA2392C4E2C2285897B7D29E /* [CP] Check Pods Manifest.lock */,
				EDF1A39028CFEA6900F9D49B /* Sources */,
				EDF1A39128CFEA6900F9D49B /* Frameworks */,
				EDF1A39228CFEA6900F9D49B /* Resources */,
			);
			buildRules = (
			);
			dependencies = (
				EDF1A39628CFEA6900F9D49B /* PBXTargetDependency */,
			);
			name = FlixTests;
			productName = FlixTests;
			productReference = EDF1A39428CFEA6900F9D49B /* FlixTests.xctest */;
			productType = "com.apple.product-type.bundle.unit-test";
		};
		EDF1A39D28CFEA6900F9D49B /* FlixUITests */ = {
			isa = PBXNativeTarget;
			buildConfigurationList = EDF1A3AE28CFEA6900F9D49B /* Build configuration list for PBXNativeTarget "FlixUITests" */;
			buildPhases = (
				AA7C20CEF4AF93736668C337 /* [CP] Check Pods Manifest.lock */,
				EDF1A39A28CFEA6900F9D49B /* Sources */,
				EDF1A39B28CFEA6900F9D49B /* Frameworks */,
				EDF1A39C28CFEA6900F9D49B /* Resources */,
			);
			buildRules = (
			);
			dependencies = (
				EDF1A3A028CFEA6900F9D49B /* PBXTargetDependency */,
			);
			name = FlixUITests;
			productName = FlixUITests;
			productReference = EDF1A39E28CFEA6900F9D49B /* FlixUITests.xctest */;
			productType = "com.apple.product-type.bundle.ui-testing";
		};
/* End PBXNativeTarget section */

/* Begin PBXProject section */
		EDF1A37628CFEA6600F9D49B /* Project object */ = {
			isa = PBXProject;
			attributes = {
				BuildIndependentTargetsInParallel = 1;
				LastSwiftUpdateCheck = 1340;
				LastUpgradeCheck = 1340;
				TargetAttributes = {
					EDF1A37D28CFEA6600F9D49B = {
						CreatedOnToolsVersion = 13.4.1;
					};
					EDF1A39328CFEA6900F9D49B = {
						CreatedOnToolsVersion = 13.4.1;
						TestTargetID = EDF1A37D28CFEA6600F9D49B;
					};
					EDF1A39D28CFEA6900F9D49B = {
						CreatedOnToolsVersion = 13.4.1;
						TestTargetID = EDF1A37D28CFEA6600F9D49B;
					};
				};
			};
			buildConfigurationList = EDF1A37928CFEA6600F9D49B /* Build configuration list for PBXProject "Flix" */;
			compatibilityVersion = "Xcode 13.0";
			developmentRegion = en;
			hasScannedForEncodings = 0;
			knownRegions = (
				en,
				Base,
			);
			mainGroup = EDF1A37528CFEA6600F9D49B;
			packageReferences = (
				ED59D06B28D04823005239A3 /* XCRemoteSwiftPackageReference "AlamofireImage" */,
			);
			productRefGroup = EDF1A37F28CFEA6600F9D49B /* Products */;
			projectDirPath = "";
			projectRoot = "";
			targets = (
				EDF1A37D28CFEA6600F9D49B /* Flix */,
				EDF1A39328CFEA6900F9D49B /* FlixTests */,
				EDF1A39D28CFEA6900F9D49B /* FlixUITests */,
			);
		};
/* End PBXProject section */

/* Begin PBXResourcesBuildPhase section */
		EDF1A37C28CFEA6600F9D49B /* Resources */ = {
			isa = PBXResourcesBuildPhase;
			buildActionMask = 2147483647;
			files = (
				EDF1A38E28CFEA6900F9D49B /* LaunchScreen.storyboard in Resources */,
				EDF1A38B28CFEA6900F9D49B /* Assets.xcassets in Resources */,
				EDF1A38928CFEA6600F9D49B /* Main.storyboard in Resources */,
			);
			runOnlyForDeploymentPostprocessing = 0;
		};
		EDF1A39228CFEA6900F9D49B /* Resources */ = {
			isa = PBXResourcesBuildPhase;
			buildActionMask = 2147483647;
			files = (
			);
			runOnlyForDeploymentPostprocessing = 0;
		};
		EDF1A39C28CFEA6900F9D49B /* Resources */ = {
			isa = PBXResourcesBuildPhase;
			buildActionMask = 2147483647;
			files = (
			);
			runOnlyForDeploymentPostprocessing = 0;
		};
/* End PBXResourcesBuildPhase section */

/* Begin PBXShellScriptBuildPhase section */
		AA7C20CEF4AF93736668C337 /* [CP] Check Pods Manifest.lock */ = {
			isa = PBXShellScriptBuildPhase;
			buildActionMask = 2147483647;
			files = (
			);
			inputFileListPaths = (
			);
			inputPaths = (
				"${PODS_PODFILE_DIR_PATH}/Podfile.lock",
				"${PODS_ROOT}/Manifest.lock",
			);
			name = "[CP] Check Pods Manifest.lock";
			outputFileListPaths = (
			);
			outputPaths = (
				"$(DERIVED_FILE_DIR)/Pods-Flix-FlixUITests-checkManifestLockResult.txt",
			);
			runOnlyForDeploymentPostprocessing = 0;
			shellPath = /bin/sh;
			shellScript = "diff \"${PODS_PODFILE_DIR_PATH}/Podfile.lock\" \"${PODS_ROOT}/Manifest.lock\" > /dev/null\nif [ $? != 0 ] ; then\n    # print error to STDERR\n    echo \"error: The sandbox is not in sync with the Podfile.lock. Run 'pod install' or update your CocoaPods installation.\" >&2\n    exit 1\nfi\n# This output is used by Xcode 'outputs' to avoid re-running this script phase.\necho \"SUCCESS\" > \"${SCRIPT_OUTPUT_FILE_0}\"\n";
			showEnvVarsInLog = 0;
		};
		CCE639F59411DEF006F6663F /* [CP] Check Pods Manifest.lock */ = {
			isa = PBXShellScriptBuildPhase;
			buildActionMask = 2147483647;
			files = (
			);
			inputFileListPaths = (
			);
			inputPaths = (
				"${PODS_PODFILE_DIR_PATH}/Podfile.lock",
				"${PODS_ROOT}/Manifest.lock",
			);
			name = "[CP] Check Pods Manifest.lock";
			outputFileListPaths = (
			);
			outputPaths = (
				"$(DERIVED_FILE_DIR)/Pods-Flix-checkManifestLockResult.txt",
			);
			runOnlyForDeploymentPostprocessing = 0;
			shellPath = /bin/sh;
			shellScript = "diff \"${PODS_PODFILE_DIR_PATH}/Podfile.lock\" \"${PODS_ROOT}/Manifest.lock\" > /dev/null\nif [ $? != 0 ] ; then\n    # print error to STDERR\n    echo \"error: The sandbox is not in sync with the Podfile.lock. Run 'pod install' or update your CocoaPods installation.\" >&2\n    exit 1\nfi\n# This output is used by Xcode 'outputs' to avoid re-running this script phase.\necho \"SUCCESS\" > \"${SCRIPT_OUTPUT_FILE_0}\"\n";
			showEnvVarsInLog = 0;
		};
		FA2392C4E2C2285897B7D29E /* [CP] Check Pods Manifest.lock */ = {
			isa = PBXShellScriptBuildPhase;
			buildActionMask = 2147483647;
			files = (
			);
			inputFileListPaths = (
			);
			inputPaths = (
				"${PODS_PODFILE_DIR_PATH}/Podfile.lock",
				"${PODS_ROOT}/Manifest.lock",
			);
			name = "[CP] Check Pods Manifest.lock";
			outputFileListPaths = (
			);
			outputPaths = (
				"$(DERIVED_FILE_DIR)/Pods-FlixTests-checkManifestLockResult.txt",
			);
			runOnlyForDeploymentPostprocessing = 0;
			shellPath = /bin/sh;
			shellScript = "diff \"${PODS_PODFILE_DIR_PATH}/Podfile.lock\" \"${PODS_ROOT}/Manifest.lock\" > /dev/null\nif [ $? != 0 ] ; then\n    # print error to STDERR\n    echo \"error: The sandbox is not in sync with the Podfile.lock. Run 'pod install' or update your CocoaPods installation.\" >&2\n    exit 1\nfi\n# This output is used by Xcode 'outputs' to avoid re-running this script phase.\necho \"SUCCESS\" > \"${SCRIPT_OUTPUT_FILE_0}\"\n";
			showEnvVarsInLog = 0;
		};
/* End PBXShellScriptBuildPhase section */

/* Begin PBXSourcesBuildPhase section */
		EDF1A37A28CFEA6600F9D49B /* Sources */ = {
			isa = PBXSourcesBuildPhase;
			buildActionMask = 2147483647;
			files = (
				EDDD71A128D9770600524D49 /* MovieDetailsViewController.swift in Sources */,
				EDF1A38628CFEA6600F9D49B /* ViewController.swift in Sources */,
				EDF1A38228CFEA6600F9D49B /* AppDelegate.swift in Sources */,
				ED2EC1F728D040C50052B580 /* MovieCell.swift in Sources */,
				EDF1A38428CFEA6600F9D49B /* SceneDelegate.swift in Sources */,
				EDDD71A328D9859500524D49 /* MovieGridViewController.swift in Sources */,
				EDDD71A728D990B300524D49 /* MovieGridCell.swift in Sources */,
			);
			runOnlyForDeploymentPostprocessing = 0;
		};
		EDF1A39028CFEA6900F9D49B /* Sources */ = {
			isa = PBXSourcesBuildPhase;
			buildActionMask = 2147483647;
			files = (
				EDF1A39928CFEA6900F9D49B /* FlixTests.swift in Sources */,
			);
			runOnlyForDeploymentPostprocessing = 0;
		};
		EDF1A39A28CFEA6900F9D49B /* Sources */ = {
			isa = PBXSourcesBuildPhase;
			buildActionMask = 2147483647;
			files = (
				EDF1A3A328CFEA6900F9D49B /* FlixUITests.swift in Sources */,
				EDF1A3A528CFEA6900F9D49B /* FlixUITestsLaunchTests.swift in Sources */,
			);
			runOnlyForDeploymentPostprocessing = 0;
		};
/* End PBXSourcesBuildPhase section */

/* Begin PBXTargetDependency section */
		EDF1A39628CFEA6900F9D49B /* PBXTargetDependency */ = {
			isa = PBXTargetDependency;
			target = EDF1A37D28CFEA6600F9D49B /* Flix */;
			targetProxy = EDF1A39528CFEA6900F9D49B /* PBXContainerItemProxy */;
		};
		EDF1A3A028CFEA6900F9D49B /* PBXTargetDependency */ = {
			isa = PBXTargetDependency;
			target = EDF1A37D28CFEA6600F9D49B /* Flix */;
			targetProxy = EDF1A39F28CFEA6900F9D49B /* PBXContainerItemProxy */;
		};
/* End PBXTargetDependency section */

/* Begin PBXVariantGroup section */
		EDF1A38728CFEA6600F9D49B /* Main.storyboard */ = {
			isa = PBXVariantGroup;
			children = (
				EDF1A38828CFEA6600F9D49B /* Base */,
			);
			name = Main.storyboard;
			sourceTree = "<group>";
		};
		EDF1A38C28CFEA6900F9D49B /* LaunchScreen.storyboard */ = {
			isa = PBXVariantGroup;
			children = (
				EDF1A38D28CFEA6900F9D49B /* Base */,
			);
			name = LaunchScreen.storyboard;
			sourceTree = "<group>";
		};
/* End PBXVariantGroup section */

/* Begin XCBuildConfiguration section */
		EDF1A3A628CFEA6900F9D49B /* Debug */ = {
			isa = XCBuildConfiguration;
			buildSettings = {
				ALWAYS_SEARCH_USER_PATHS = NO;
				CLANG_ANALYZER_NONNULL = YES;
				CLANG_ANALYZER_NUMBER_OBJECT_CONVERSION = YES_AGGRESSIVE;
				CLANG_CXX_LANGUAGE_STANDARD = "gnu++17";
				CLANG_ENABLE_MODULES = YES;
				CLANG_ENABLE_OBJC_ARC = YES;
				CLANG_ENABLE_OBJC_WEAK = YES;
				CLANG_WARN_BLOCK_CAPTURE_AUTORELEASING = YES;
				CLANG_WARN_BOOL_CONVERSION = YES;
				CLANG_WARN_COMMA = YES;
				CLANG_WARN_CONSTANT_CONVERSION = YES;
				CLANG_WARN_DEPRECATED_OBJC_IMPLEMENTATIONS = YES;
				CLANG_WARN_DIRECT_OBJC_ISA_USAGE = YES_ERROR;
				CLANG_WARN_DOCUMENTATION_COMMENTS = YES;
				CLANG_WARN_EMPTY_BODY = YES;
				CLANG_WARN_ENUM_CONVERSION = YES;
				CLANG_WARN_INFINITE_RECURSION = YES;
				CLANG_WARN_INT_CONVERSION = YES;
				CLANG_WARN_NON_LITERAL_NULL_CONVERSION = YES;
				CLANG_WARN_OBJC_IMPLICIT_RETAIN_SELF = YES;
				CLANG_WARN_OBJC_LITERAL_CONVERSION = YES;
				CLANG_WARN_OBJC_ROOT_CLASS = YES_ERROR;
				CLANG_WARN_QUOTED_INCLUDE_IN_FRAMEWORK_HEADER = YES;
				CLANG_WARN_RANGE_LOOP_ANALYSIS = YES;
				CLANG_WARN_STRICT_PROTOTYPES = YES;
				CLANG_WARN_SUSPICIOUS_MOVE = YES;
				CLANG_WARN_UNGUARDED_AVAILABILITY = YES_AGGRESSIVE;
				CLANG_WARN_UNREACHABLE_CODE = YES;
				CLANG_WARN__DUPLICATE_METHOD_MATCH = YES;
				COPY_PHASE_STRIP = NO;
				DEBUG_INFORMATION_FORMAT = dwarf;
				ENABLE_STRICT_OBJC_MSGSEND = YES;
				ENABLE_TESTABILITY = YES;
				GCC_C_LANGUAGE_STANDARD = gnu11;
				GCC_DYNAMIC_NO_PIC = NO;
				GCC_NO_COMMON_BLOCKS = YES;
				GCC_OPTIMIZATION_LEVEL = 0;
				GCC_PREPROCESSOR_DEFINITIONS = (
					"DEBUG=1",
					"$(inherited)",
				);
				GCC_WARN_64_TO_32_BIT_CONVERSION = YES;
				GCC_WARN_ABOUT_RETURN_TYPE = YES_ERROR;
				GCC_WARN_UNDECLARED_SELECTOR = YES;
				GCC_WARN_UNINITIALIZED_AUTOS = YES_AGGRESSIVE;
				GCC_WARN_UNUSED_FUNCTION = YES;
				GCC_WARN_UNUSED_VARIABLE = YES;
				IPHONEOS_DEPLOYMENT_TARGET = 15.5;
				MTL_ENABLE_DEBUG_INFO = INCLUDE_SOURCE;
				MTL_FAST_MATH = YES;
				ONLY_ACTIVE_ARCH = YES;
				SDKROOT = iphoneos;
				SWIFT_ACTIVE_COMPILATION_CONDITIONS = DEBUG;
				SWIFT_OPTIMIZATION_LEVEL = "-Onone";
			};
			name = Debug;
		};
		EDF1A3A728CFEA6900F9D49B /* Release */ = {
			isa = XCBuildConfiguration;
			buildSettings = {
				ALWAYS_SEARCH_USER_PATHS = NO;
				CLANG_ANALYZER_NONNULL = YES;
				CLANG_ANALYZER_NUMBER_OBJECT_CONVERSION = YES_AGGRESSIVE;
				CLANG_CXX_LANGUAGE_STANDARD = "gnu++17";
				CLANG_ENABLE_MODULES = YES;
				CLANG_ENABLE_OBJC_ARC = YES;
				CLANG_ENABLE_OBJC_WEAK = YES;
				CLANG_WARN_BLOCK_CAPTURE_AUTORELEASING = YES;
				CLANG_WARN_BOOL_CONVERSION = YES;
				CLANG_WARN_COMMA = YES;
				CLANG_WARN_CONSTANT_CONVERSION = YES;
				CLANG_WARN_DEPRECATED_OBJC_IMPLEMENTATIONS = YES;
				CLANG_WARN_DIRECT_OBJC_ISA_USAGE = YES_ERROR;
				CLANG_WARN_DOCUMENTATION_COMMENTS = YES;
				CLANG_WARN_EMPTY_BODY = YES;
				CLANG_WARN_ENUM_CONVERSION = YES;
				CLANG_WARN_INFINITE_RECURSION = YES;
				CLANG_WARN_INT_CONVERSION = YES;
				CLANG_WARN_NON_LITERAL_NULL_CONVERSION = YES;
				CLANG_WARN_OBJC_IMPLICIT_RETAIN_SELF = YES;
				CLANG_WARN_OBJC_LITERAL_CONVERSION = YES;
				CLANG_WARN_OBJC_ROOT_CLASS = YES_ERROR;
				CLANG_WARN_QUOTED_INCLUDE_IN_FRAMEWORK_HEADER = YES;
				CLANG_WARN_RANGE_LOOP_ANALYSIS = YES;
				CLANG_WARN_STRICT_PROTOTYPES = YES;
				CLANG_WARN_SUSPICIOUS_MOVE = YES;
				CLANG_WARN_UNGUARDED_AVAILABILITY = YES_AGGRESSIVE;
				CLANG_WARN_UNREACHABLE_CODE = YES;
				CLANG_WARN__DUPLICATE_METHOD_MATCH = YES;
				COPY_PHASE_STRIP = NO;
				DEBUG_INFORMATION_FORMAT = "dwarf-with-dsym";
				ENABLE_NS_ASSERTIONS = NO;
				ENABLE_STRICT_OBJC_MSGSEND = YES;
				GCC_C_LANGUAGE_STANDARD = gnu11;
				GCC_NO_COMMON_BLOCKS = YES;
				GCC_WARN_64_TO_32_BIT_CONVERSION = YES;
				GCC_WARN_ABOUT_RETURN_TYPE = YES_ERROR;
				GCC_WARN_UNDECLARED_SELECTOR = YES;
				GCC_WARN_UNINITIALIZED_AUTOS = YES_AGGRESSIVE;
				GCC_WARN_UNUSED_FUNCTION = YES;
				GCC_WARN_UNUSED_VARIABLE = YES;
				IPHONEOS_DEPLOYMENT_TARGET = 15.5;
				MTL_ENABLE_DEBUG_INFO = NO;
				MTL_FAST_MATH = YES;
				SDKROOT = iphoneos;
				SWIFT_COMPILATION_MODE = wholemodule;
				SWIFT_OPTIMIZATION_LEVEL = "-O";
				VALIDATE_PRODUCT = YES;
			};
			name = Release;
		};
		EDF1A3A928CFEA6900F9D49B /* Debug */ = {
			isa = XCBuildConfiguration;
			baseConfigurationReference = 2256419CEFF2D5B4C4BA2128 /* Pods-Flix.debug.xcconfig */;
			buildSettings = {
				ASSETCATALOG_COMPILER_APPICON_NAME = AppIcon;
				ASSETCATALOG_COMPILER_GLOBAL_ACCENT_COLOR_NAME = AccentColor;
				CODE_SIGN_STYLE = Automatic;
				CURRENT_PROJECT_VERSION = 1;
				DEVELOPMENT_TEAM = F7WY6ST92T;
				GENERATE_INFOPLIST_FILE = YES;
				INFOPLIST_FILE = Flix/Info.plist;
				INFOPLIST_KEY_UIApplicationSupportsIndirectInputEvents = YES;
				INFOPLIST_KEY_UILaunchStoryboardName = LaunchScreen;
				INFOPLIST_KEY_UIMainStoryboardFile = Main;
				INFOPLIST_KEY_UISupportedInterfaceOrientations_iPad = "UIInterfaceOrientationPortrait UIInterfaceOrientationPortraitUpsideDown UIInterfaceOrientationLandscapeLeft UIInterfaceOrientationLandscapeRight";
				INFOPLIST_KEY_UISupportedInterfaceOrientations_iPhone = "UIInterfaceOrientationPortrait UIInterfaceOrientationLandscapeLeft UIInterfaceOrientationLandscapeRight";
				LD_RUNPATH_SEARCH_PATHS = (
					"$(inherited)",
					"@executable_path/Frameworks",
				);
				MARKETING_VERSION = 1.0;
				PRODUCT_BUNDLE_IDENTIFIER = com.kumarharini21.Flix;
				PRODUCT_NAME = "$(TARGET_NAME)";
				SWIFT_EMIT_LOC_STRINGS = YES;
				SWIFT_VERSION = 5.0;
				TARGETED_DEVICE_FAMILY = "1,2";
			};
			name = Debug;
		};
		EDF1A3AA28CFEA6900F9D49B /* Release */ = {
			isa = XCBuildConfiguration;
			baseConfigurationReference = 05B4E760609B441063499C28 /* Pods-Flix.release.xcconfig */;
			buildSettings = {
				ASSETCATALOG_COMPILER_APPICON_NAME = AppIcon;
				ASSETCATALOG_COMPILER_GLOBAL_ACCENT_COLOR_NAME = AccentColor;
				CODE_SIGN_STYLE = Automatic;
				CURRENT_PROJECT_VERSION = 1;
				DEVELOPMENT_TEAM = F7WY6ST92T;
				GENERATE_INFOPLIST_FILE = YES;
				INFOPLIST_FILE = Flix/Info.plist;
				INFOPLIST_KEY_UIApplicationSupportsIndirectInputEvents = YES;
				INFOPLIST_KEY_UILaunchStoryboardName = LaunchScreen;
				INFOPLIST_KEY_UIMainStoryboardFile = Main;
				INFOPLIST_KEY_UISupportedInterfaceOrientations_iPad = "UIInterfaceOrientationPortrait UIInterfaceOrientationPortraitUpsideDown UIInterfaceOrientationLandscapeLeft UIInterfaceOrientationLandscapeRight";
				INFOPLIST_KEY_UISupportedInterfaceOrientations_iPhone = "UIInterfaceOrientationPortrait UIInterfaceOrientationLandscapeLeft UIInterfaceOrientationLandscapeRight";
				LD_RUNPATH_SEARCH_PATHS = (
					"$(inherited)",
					"@executable_path/Frameworks",
				);
				MARKETING_VERSION = 1.0;
				PRODUCT_BUNDLE_IDENTIFIER = com.kumarharini21.Flix;
				PRODUCT_NAME = "$(TARGET_NAME)";
				SWIFT_EMIT_LOC_STRINGS = YES;
				SWIFT_VERSION = 5.0;
				TARGETED_DEVICE_FAMILY = "1,2";
			};
			name = Release;
		};
		EDF1A3AC28CFEA6900F9D49B /* Debug */ = {
			isa = XCBuildConfiguration;
			baseConfigurationReference = 8400A510D233D62A4D832D35 /* Pods-FlixTests.debug.xcconfig */;
			buildSettings = {
				ALWAYS_EMBED_SWIFT_STANDARD_LIBRARIES = YES;
				BUNDLE_LOADER = "$(TEST_HOST)";
				CODE_SIGN_STYLE = Automatic;
				CURRENT_PROJECT_VERSION = 1;
				DEVELOPMENT_TEAM = F7WY6ST92T;
				GENERATE_INFOPLIST_FILE = YES;
				IPHONEOS_DEPLOYMENT_TARGET = 15.5;
				MARKETING_VERSION = 1.0;
				PRODUCT_BUNDLE_IDENTIFIER = com.kumarharini21.FlixTests;
				PRODUCT_NAME = "$(TARGET_NAME)";
				SWIFT_EMIT_LOC_STRINGS = NO;
				SWIFT_VERSION = 5.0;
				TARGETED_DEVICE_FAMILY = "1,2";
				TEST_HOST = "$(BUILT_PRODUCTS_DIR)/Flix.app/Flix";
			};
			name = Debug;
		};
		EDF1A3AD28CFEA6900F9D49B /* Release */ = {
			isa = XCBuildConfiguration;
			baseConfigurationReference = 3B2A9AB0AE944FCE588F97B3 /* Pods-FlixTests.release.xcconfig */;
			buildSettings = {
				ALWAYS_EMBED_SWIFT_STANDARD_LIBRARIES = YES;
				BUNDLE_LOADER = "$(TEST_HOST)";
				CODE_SIGN_STYLE = Automatic;
				CURRENT_PROJECT_VERSION = 1;
				DEVELOPMENT_TEAM = F7WY6ST92T;
				GENERATE_INFOPLIST_FILE = YES;
				IPHONEOS_DEPLOYMENT_TARGET = 15.5;
				MARKETING_VERSION = 1.0;
				PRODUCT_BUNDLE_IDENTIFIER = com.kumarharini21.FlixTests;
				PRODUCT_NAME = "$(TARGET_NAME)";
				SWIFT_EMIT_LOC_STRINGS = NO;
				SWIFT_VERSION = 5.0;
				TARGETED_DEVICE_FAMILY = "1,2";
				TEST_HOST = "$(BUILT_PRODUCTS_DIR)/Flix.app/Flix";
			};
			name = Release;
		};
		EDF1A3AF28CFEA6900F9D49B /* Debug */ = {
			isa = XCBuildConfiguration;
			baseConfigurationReference = 8FA581823E204128D19962E8 /* Pods-Flix-FlixUITests.debug.xcconfig */;
			buildSettings = {
				ALWAYS_EMBED_SWIFT_STANDARD_LIBRARIES = YES;
				CODE_SIGN_STYLE = Automatic;
				CURRENT_PROJECT_VERSION = 1;
				DEVELOPMENT_TEAM = F7WY6ST92T;
				GENERATE_INFOPLIST_FILE = YES;
				MARKETING_VERSION = 1.0;
				PRODUCT_BUNDLE_IDENTIFIER = com.kumarharini21.FlixUITests;
				PRODUCT_NAME = "$(TARGET_NAME)";
				SWIFT_EMIT_LOC_STRINGS = NO;
				SWIFT_VERSION = 5.0;
				TARGETED_DEVICE_FAMILY = "1,2";
				TEST_TARGET_NAME = Flix;
			};
			name = Debug;
		};
		EDF1A3B028CFEA6900F9D49B /* Release */ = {
			isa = XCBuildConfiguration;
			baseConfigurationReference = 167A840A731847D938E34AC6 /* Pods-Flix-FlixUITests.release.xcconfig */;
			buildSettings = {
				ALWAYS_EMBED_SWIFT_STANDARD_LIBRARIES = YES;
				CODE_SIGN_STYLE = Automatic;
				CURRENT_PROJECT_VERSION = 1;
				DEVELOPMENT_TEAM = F7WY6ST92T;
				GENERATE_INFOPLIST_FILE = YES;
				MARKETING_VERSION = 1.0;
				PRODUCT_BUNDLE_IDENTIFIER = com.kumarharini21.FlixUITests;
				PRODUCT_NAME = "$(TARGET_NAME)";
				SWIFT_EMIT_LOC_STRINGS = NO;
				SWIFT_VERSION = 5.0;
				TARGETED_DEVICE_FAMILY = "1,2";
				TEST_TARGET_NAME = Flix;
			};
			name = Release;
		};
/* End XCBuildConfiguration section */

/* Begin XCConfigurationList section */
		EDF1A37928CFEA6600F9D49B /* Build configuration list for PBXProject "Flix" */ = {
			isa = XCConfigurationList;
			buildConfigurations = (
				EDF1A3A628CFEA6900F9D49B /* Debug */,
				EDF1A3A728CFEA6900F9D49B /* Release */,
			);
			defaultConfigurationIsVisible = 0;
			defaultConfigurationName = Release;
		};
		EDF1A3A828CFEA6900F9D49B /* Build configuration list for PBXNativeTarget "Flix" */ = {
			isa = XCConfigurationList;
			buildConfigurations = (
				EDF1A3A928CFEA6900F9D49B /* Debug */,
				EDF1A3AA28CFEA6900F9D49B /* Release */,
			);
			defaultConfigurationIsVisible = 0;
			defaultConfigurationName = Release;
		};
		EDF1A3AB28CFEA6900F9D49B /* Build configuration list for PBXNativeTarget "FlixTests" */ = {
			isa = XCConfigurationList;
			buildConfigurations = (
				EDF1A3AC28CFEA6900F9D49B /* Debug */,
				EDF1A3AD28CFEA6900F9D49B /* Release */,
			);
			defaultConfigurationIsVisible = 0;
			defaultConfigurationName = Release;
		};
		EDF1A3AE28CFEA6900F9D49B /* Build configuration list for PBXNativeTarget "FlixUITests" */ = {
			isa = XCConfigurationList;
			buildConfigurations = (
				EDF1A3AF28CFEA6900F9D49B /* Debug */,
				EDF1A3B028CFEA6900F9D49B /* Release */,
			);
			defaultConfigurationIsVisible = 0;
			defaultConfigurationName = Release;
		};
/* End XCConfigurationList section */

/* Begin XCRemoteSwiftPackageReference section */
		ED59D06B28D04823005239A3 /* XCRemoteSwiftPackageReference "AlamofireImage" */ = {
			isa = XCRemoteSwiftPackageReference;
			repositoryURL = "https://github.com/Alamofire/AlamofireImage";
			requirement = {
				kind = upToNextMajorVersion;
				minimumVersion = 4.0.0;
			};
		};
/* End XCRemoteSwiftPackageReference section */

/* Begin XCSwiftPackageProductDependency section */
		ED59D06C28D04823005239A3 /* AlamofireImage */ = {
			isa = XCSwiftPackageProductDependency;
			package = ED59D06B28D04823005239A3 /* XCRemoteSwiftPackageReference "AlamofireImage" */;
			productName = AlamofireImage;
		};
/* End XCSwiftPackageProductDependency section */
	};
	rootObject = EDF1A37628CFEA6600F9D49B /* Project object */;
}
